
Microsoft Visual Studio Solution File, Format Version 12.00
# Visual Studio Version 16
VisualStudioVersion = 16.0.31005.135
MinimumVisualStudioVersion = 10.0.40219.1
Project("{FAE04EC0-301F-11D3-BF4B-00C04F79EFBC}") = "BancoColumbia.Api", "BancoColumbia\BancoColumbia.Api.csproj", "{A3E4F94D-BFFF-4ECB-A723-40F61F36904E}"
EndProject
Global
	GlobalSection(SolutionConfigurationPlatforms) = preSolution
		Debug|Any CPU = Debug|Any CPU
		Release|Any CPU = Release|Any CPU
	EndGlobalSection
	GlobalSection(ProjectConfigurationPlatforms) = postSolution
		{A3E4F94D-BFFF-4ECB-A723-40F61F36904E}.Debug|Any CPU.ActiveCfg = Debug|Any CPU
		{A3E4F94D-BFFF-4ECB-A723-40F61F36904E}.Debug|Any CPU.Build.0 = Debug|Any CPU
		{A3E4F94D-BFFF-4ECB-A723-40F61F36904E}.Release|Any CPU.ActiveCfg = Release|Any CPU
		{A3E4F94D-BFFF-4ECB-A723-40F61F36904E}.Release|Any CPU.Build.0 = Release|Any CPU
	EndGlobalSection
	GlobalSection(SolutionProperties) = preSolution
		HideSolutionNode = FALSE
	EndGlobalSection
	GlobalSection(ExtensibilityGlobals) = postSolution
		SolutionGuid = {848976AA-ABE6-4348-9241-29BAE4B7CFB0}
	EndGlobalSection
EndGlobal
